
Microsoft Visual Studio Solution File, Format Version 12.00
# Visual Studio Version 17
VisualStudioVersion = 17.11.35222.181
MinimumVisualStudioVersion = 10.0.40219.1
Project("{9A19103F-16F7-4668-BE54-9A1E7A4F7556}") = "Assignment_Product_Catalog", "Assignment_Product_Catalog\Assignment_Product_Catalog.csproj", "{9C666684-A1E1-483B-B501-92CBB313FBA4}"
EndProject
Project("{FAE04EC0-301F-11D3-BF4B-00C04F79EFBC}") = "Assignment_Product_Catalog.Tests", "Assignment_Product_Catalog.Tests\Assignment_Product_Catalog.Tests.csproj", "{2ABDB8E0-3A3C-40CA-B327-CEE8120F22BE}"
EndProject
Global
	GlobalSection(SolutionConfigurationPlatforms) = preSolution
		Debug|Any CPU = Debug|Any CPU
		Release|Any CPU = Release|Any CPU
	EndGlobalSection
	GlobalSection(ProjectConfigurationPlatforms) = postSolution
		{9C666684-A1E1-483B-B501-92CBB313FBA4}.Debug|Any CPU.ActiveCfg = Debug|Any CPU
		{9C666684-A1E1-483B-B501-92CBB313FBA4}.Debug|Any CPU.Build.0 = Debug|Any CPU
		{9C666684-A1E1-483B-B501-92CBB313FBA4}.Release|Any CPU.ActiveCfg = Release|Any CPU
		{9C666684-A1E1-483B-B501-92CBB313FBA4}.Release|Any CPU.Build.0 = Release|Any CPU
		{2ABDB8E0-3A3C-40CA-B327-CEE8120F22BE}.Debug|Any CPU.ActiveCfg = Debug|Any CPU
		{2ABDB8E0-3A3C-40CA-B327-CEE8120F22BE}.Debug|Any CPU.Build.0 = Debug|Any CPU
		{2ABDB8E0-3A3C-40CA-B327-CEE8120F22BE}.Release|Any CPU.ActiveCfg = Release|Any CPU
		{2ABDB8E0-3A3C-40CA-B327-CEE8120F22BE}.Release|Any CPU.Build.0 = Release|Any CPU
	EndGlobalSection
	GlobalSection(SolutionProperties) = preSolution
		HideSolutionNode = FALSE
	EndGlobalSection
	GlobalSection(ExtensibilityGlobals) = postSolution
		SolutionGuid = {4593CAA9-50C9-4AF0-9A6F-45D30BE18513}
	EndGlobalSection
EndGlobal
